
Microsoft Visual Studio Solution File, Format Version 12.00
Project("{FAE04EC0-301F-11D3-BF4B-00C04F79EFBC}") = "LeapYear", "LeapYear\LeapYear.csproj", "{14BB488F-D447-4F70-83BD-DAA03EA14405}"
EndProject
Project("{FAE04EC0-301F-11D3-BF4B-00C04F79EFBC}") = "LeapYear.Tests", "LeapYear.Tests\LeapYear.Tests.csproj", "{3358478F-7F90-4C90-89DE-8226FC297CE3}"
EndProject
Global
	GlobalSection(SolutionConfigurationPlatforms) = preSolution
		Debug|Any CPU = Debug|Any CPU
		Release|Any CPU = Release|Any CPU
	EndGlobalSection
	GlobalSection(ProjectConfigurationPlatforms) = postSolution
		{14BB488F-D447-4F70-83BD-DAA03EA14405}.Debug|Any CPU.ActiveCfg = Debug|Any CPU
		{14BB488F-D447-4F70-83BD-DAA03EA14405}.Debug|Any CPU.Build.0 = Debug|Any CPU
		{14BB488F-D447-4F70-83BD-DAA03EA14405}.Release|Any CPU.ActiveCfg = Release|Any CPU
		{14BB488F-D447-4F70-83BD-DAA03EA14405}.Release|Any CPU.Build.0 = Release|Any CPU
		{3358478F-7F90-4C90-89DE-8226FC297CE3}.Debug|Any CPU.ActiveCfg = Debug|Any CPU
		{3358478F-7F90-4C90-89DE-8226FC297CE3}.Debug|Any CPU.Build.0 = Debug|Any CPU
		{3358478F-7F90-4C90-89DE-8226FC297CE3}.Release|Any CPU.ActiveCfg = Release|Any CPU
		{3358478F-7F90-4C90-89DE-8226FC297CE3}.Release|Any CPU.Build.0 = Release|Any CPU
	EndGlobalSection
EndGlobal
